
Microsoft Visual Studio Solution File, Format Version 12.00
# Visual Studio Version 17
VisualStudioVersion = 17.13.35931.197 d17.13
MinimumVisualStudioVersion = 10.0.40219.1
Project("{FAE04EC0-301F-11D3-BF4B-00C04F79EFBC}") = "PJ.NavigationTrans.Sample", "PJ.NavigationTrans.Sample\PJ.NavigationTrans.Sample.csproj", "{65376A5C-898C-2A97-B243-40990490F8E1}"
EndProject
Project("{FAE04EC0-301F-11D3-BF4B-00C04F79EFBC}") = "PJ.NavigationTrans.Maui", "PJ.NavigationTrans.Maui\PJ.NavigationTrans.Maui.csproj", "{B9EA105A-9F32-5D7B-DBAE-08579EC4E274}"
EndProject
Global
	GlobalSection(SolutionConfigurationPlatforms) = preSolution
		Debug|Any CPU = Debug|Any CPU
		Release|Any CPU = Release|Any CPU
	EndGlobalSection
	GlobalSection(ProjectConfigurationPlatforms) = postSolution
		{65376A5C-898C-2A97-B243-40990490F8E1}.Debug|Any CPU.ActiveCfg = Debug|Any CPU
		{65376A5C-898C-2A97-B243-40990490F8E1}.Debug|Any CPU.Build.0 = Debug|Any CPU
		{65376A5C-898C-2A97-B243-40990490F8E1}.Release|Any CPU.ActiveCfg = Release|Any CPU
		{65376A5C-898C-2A97-B243-40990490F8E1}.Release|Any CPU.Build.0 = Release|Any CPU
		{B9EA105A-9F32-5D7B-DBAE-08579EC4E274}.Debug|Any CPU.ActiveCfg = Debug|Any CPU
		{B9EA105A-9F32-5D7B-DBAE-08579EC4E274}.Debug|Any CPU.Build.0 = Debug|Any CPU
		{B9EA105A-9F32-5D7B-DBAE-08579EC4E274}.Release|Any CPU.ActiveCfg = Release|Any CPU
		{B9EA105A-9F32-5D7B-DBAE-08579EC4E274}.Release|Any CPU.Build.0 = Release|Any CPU
	EndGlobalSection
	GlobalSection(SolutionProperties) = preSolution
		HideSolutionNode = FALSE
	EndGlobalSection
	GlobalSection(ExtensibilityGlobals) = postSolution
		SolutionGuid = {D96CB219-E8A0-4531-8E56-1E771E0B302C}
	EndGlobalSection
EndGlobal
